
Microsoft Visual Studio Solution File, Format Version 12.00
# Visual Studio Version 16
VisualStudioVersion = 16.0.31313.79
MinimumVisualStudioVersion = 10.0.40219.1
Project("{FAE04EC0-301F-11D3-BF4B-00C04F79EFBC}") = "FYP", "FYP.csproj", "{C06A1EEB-4BB4-49E2-B7DF-3AE5BEEF65ED}"
EndProject
Global
	GlobalSection(SolutionConfigurationPlatforms) = preSolution
		Debug|Any CPU = Debug|Any CPU
		Release|Any CPU = Release|Any CPU
	EndGlobalSection
	GlobalSection(ProjectConfigurationPlatforms) = postSolution
		{C06A1EEB-4BB4-49E2-B7DF-3AE5BEEF65ED}.Debug|Any CPU.ActiveCfg = Debug|Any CPU
		{C06A1EEB-4BB4-49E2-B7DF-3AE5BEEF65ED}.Debug|Any CPU.Build.0 = Debug|Any CPU
		{C06A1EEB-4BB4-49E2-B7DF-3AE5BEEF65ED}.Release|Any CPU.ActiveCfg = Release|Any CPU
		{C06A1EEB-4BB4-49E2-B7DF-3AE5BEEF65ED}.Release|Any CPU.Build.0 = Release|Any CPU
	EndGlobalSection
	GlobalSection(SolutionProperties) = preSolution
		HideSolutionNode = FALSE
	EndGlobalSection
	GlobalSection(ExtensibilityGlobals) = postSolution
		SolutionGuid = {85CFF6F5-239E-4471-B29D-302215B66D6D}
	EndGlobalSection
EndGlobal
